
Microsoft Visual Studio Solution File, Format Version 12.00
# Visual Studio 2013
VisualStudioVersion = 12.0.31101.0
MinimumVisualStudioVersion = 10.0.40219.1
Project("{FAE04EC0-301F-11D3-BF4B-00C04F79EFBC}") = "Kesoft.Windows.Forms.Win7StyleTreeView", "Kesoft.Windows.Forms.Win7StyleTreeView\Kesoft.Windows.Forms.Win7StyleTreeView.csproj", "{D3D19FC6-9E25-4F2E-B635-1CAB5C7142EA}"
EndProject
Project("{FAE04EC0-301F-11D3-BF4B-00C04F79EFBC}") = "Kesoft.Windows.Forms.Win7StyleTreeView.Tests", "Kesoft.Windows.Forms.Win7StyleTreeView.Tests\Kesoft.Windows.Forms.Win7StyleTreeView.Tests.csproj", "{96BB1D33-CDC5-452C-84B9-BBF9D3088F73}"
EndProject
Project("{2150E333-8FDC-42A3-9474-1A3956D46DE8}") = ".nuget", ".nuget", "{03B4C3FD-488E-47C3-9826-183DADDAFC4A}"
	ProjectSection(SolutionItems) = preProject
		.nuget\NuGet.Config = .nuget\NuGet.Config
		.nuget\NuGet.exe = .nuget\NuGet.exe
		.nuget\NuGet.targets = .nuget\NuGet.targets
	EndProjectSection
EndProject
Global
	GlobalSection(SolutionConfigurationPlatforms) = preSolution
		Debug|Any CPU = Debug|Any CPU
		Release|Any CPU = Release|Any CPU
	EndGlobalSection
	GlobalSection(ProjectConfigurationPlatforms) = postSolution
		{D3D19FC6-9E25-4F2E-B635-1CAB5C7142EA}.Debug|Any CPU.ActiveCfg = Debug|Any CPU
		{D3D19FC6-9E25-4F2E-B635-1CAB5C7142EA}.Debug|Any CPU.Build.0 = Debug|Any CPU
		{D3D19FC6-9E25-4F2E-B635-1CAB5C7142EA}.Release|Any CPU.ActiveCfg = Release|Any CPU
		{D3D19FC6-9E25-4F2E-B635-1CAB5C7142EA}.Release|Any CPU.Build.0 = Release|Any CPU
		{96BB1D33-CDC5-452C-84B9-BBF9D3088F73}.Debug|Any CPU.ActiveCfg = Debug|Any CPU
		{96BB1D33-CDC5-452C-84B9-BBF9D3088F73}.Debug|Any CPU.Build.0 = Debug|Any CPU
		{96BB1D33-CDC5-452C-84B9-BBF9D3088F73}.Release|Any CPU.ActiveCfg = Release|Any CPU
		{96BB1D33-CDC5-452C-84B9-BBF9D3088F73}.Release|Any CPU.Build.0 = Release|Any CPU
	EndGlobalSection
	GlobalSection(SolutionProperties) = preSolution
		HideSolutionNode = FALSE
	EndGlobalSection
EndGlobal
